
Microsoft Visual Studio Solution File, Format Version 12.00
# Visual Studio 15
VisualStudioVersion = 15.0.28010.2026
MinimumVisualStudioVersion = 10.0.40219.1
Project("{FAE04EC0-301F-11D3-BF4B-00C04F79EFBC}") = "CsTxt", "CsTxt\CsTxt.csproj", "{BCC611F0-2945-4805-A38F-CE51E08CC61A}"
EndProject
Global
	GlobalSection(SolutionConfigurationPlatforms) = preSolution
		Debug|Any CPU = Debug|Any CPU
		Release|Any CPU = Release|Any CPU
	EndGlobalSection
	GlobalSection(ProjectConfigurationPlatforms) = postSolution
		{BCC611F0-2945-4805-A38F-CE51E08CC61A}.Debug|Any CPU.ActiveCfg = Debug|Any CPU
		{BCC611F0-2945-4805-A38F-CE51E08CC61A}.Debug|Any CPU.Build.0 = Debug|Any CPU
		{BCC611F0-2945-4805-A38F-CE51E08CC61A}.Release|Any CPU.ActiveCfg = Release|Any CPU
		{BCC611F0-2945-4805-A38F-CE51E08CC61A}.Release|Any CPU.Build.0 = Release|Any CPU
	EndGlobalSection
	GlobalSection(SolutionProperties) = preSolution
		HideSolutionNode = FALSE
	EndGlobalSection
	GlobalSection(ExtensibilityGlobals) = postSolution
		SolutionGuid = {AD0F0A99-E8E8-49D5-AB84-647671C832BC}
	EndGlobalSection
EndGlobal
